
Microsoft Visual Studio Solution File, Format Version 12.00
# Visual Studio Version 17
VisualStudioVersion = 17.4.33205.214
MinimumVisualStudioVersion = 10.0.40219.1
Project("{2150E333-8FDC-42A3-9474-1A3956D46DE8}") = "doc", "doc", "{566353D3-BF64-401E-B76B-196E04F728C7}"
	ProjectSection(SolutionItems) = preProject
		..\readme.md = ..\readme.md
		..\doc\todolist.md = ..\doc\todolist.md
	EndProjectSection
EndProject
Project("{2150E333-8FDC-42A3-9474-1A3956D46DE8}") = "setup", "setup", "{90E4288C-0B6B-4378-8073-83C1D33B09BF}"
EndProject
Project("{2150E333-8FDC-42A3-9474-1A3956D46DE8}") = "src", "src", "{DCD3CE28-D4BD-456D-95EA-E5B865774F17}"
EndProject
Project("{FAE04EC0-301F-11D3-BF4B-00C04F79EFBC}") = "NbMd2Html", "NbMd2Html\NbMd2Html.csproj", "{ED72D509-DCC8-464B-9E1C-1FBA38C366F7}"
EndProject
Project("{FAE04EC0-301F-11D3-BF4B-00C04F79EFBC}") = "NbExePackage", "NbExePackage\NbExePackage.csproj", "{72B57F6F-5802-4BF7-B0E8-281215C54642}"
EndProject
Project("{FAE04EC0-301F-11D3-BF4B-00C04F79EFBC}") = "NbGitTemplate", "NbGitTemplate\NbGitTemplate.csproj", "{D4C9B587-C027-45D6-95B3-DA2B2620D3DF}"
EndProject
Project("{FAE04EC0-301F-11D3-BF4B-00C04F79EFBC}") = "NbIsDebug", "NbIsDebug\NbIsDebug.csproj", "{28504C76-9DF8-4BD1-BCBA-A21106CD831E}"
EndProject
Project("{FAE04EC0-301F-11D3-BF4B-00C04F79EFBC}") = "NbDtatabase", "NbDtatabase\NbDtatabase.csproj", "{EC113171-05B6-498C-9C0F-32FF02871E0F}"
EndProject
Project("{FAE04EC0-301F-11D3-BF4B-00C04F79EFBC}") = "NbCopyToFolders", "NbCopyToFolders\NbCopyToFolders.csproj", "{0069DF5F-6DB3-43CB-84C8-BE51BCF8BFE7}"
EndProject
Project("{FAE04EC0-301F-11D3-BF4B-00C04F79EFBC}") = "NhibernateMapEasy", "NhibernateMapEasy\NhibernateMapEasy.csproj", "{3EA18A08-9DA1-4865-8863-DEE9645A1DE1}"
EndProject
Project("{FAE04EC0-301F-11D3-BF4B-00C04F79EFBC}") = "TemplateEasy", "TemplateEasy\TemplateEasy.csproj", "{99C53AB9-6B92-48A9-BFDE-DDAAC60D2409}"
EndProject
Project("{FAE04EC0-301F-11D3-BF4B-00C04F79EFBC}") = "NbAreaMaker", "NbAreaMaker\NbAreaMaker.csproj", "{B752675E-3EFC-4BF7-8715-198A23D4C331}"
EndProject
Project("{FAE04EC0-301F-11D3-BF4B-00C04F79EFBC}") = "NbCrypto", "NbCrypto\NbCrypto.csproj", "{E648AAF1-FFAC-41D3-814D-AF1970767A97}"
EndProject
Project("{FAE04EC0-301F-11D3-BF4B-00C04F79EFBC}") = "SwaggerGenerator", "SwaggerGenerator\SwaggerGenerator.csproj", "{53369E10-E38E-44AA-AEBF-7A118E43308D}"
EndProject
Project("{9A19103F-16F7-4668-BE54-9A1E7A4F7556}") = "CreateEmptySln", "CreateEmptySln\CreateEmptySln.csproj", "{081444FE-54D3-4DFC-84F8-0514D9C5AE0B}"
EndProject
Project("{FAE04EC0-301F-11D3-BF4B-00C04F79EFBC}") = "NbMd2Html.NetCore", "NbMd2Html.NetCore\NbMd2Html.NetCore.csproj", "{65D06BE9-76BF-42B3-A1B9-7B68CCE1D316}"
EndProject
Global
	GlobalSection(SolutionConfigurationPlatforms) = preSolution
		Debug|Any CPU = Debug|Any CPU
		Release|Any CPU = Release|Any CPU
	EndGlobalSection
	GlobalSection(ProjectConfigurationPlatforms) = postSolution
		{ED72D509-DCC8-464B-9E1C-1FBA38C366F7}.Debug|Any CPU.ActiveCfg = Debug|Any CPU
		{ED72D509-DCC8-464B-9E1C-1FBA38C366F7}.Debug|Any CPU.Build.0 = Debug|Any CPU
		{ED72D509-DCC8-464B-9E1C-1FBA38C366F7}.Release|Any CPU.ActiveCfg = Release|Any CPU
		{ED72D509-DCC8-464B-9E1C-1FBA38C366F7}.Release|Any CPU.Build.0 = Release|Any CPU
		{72B57F6F-5802-4BF7-B0E8-281215C54642}.Debug|Any CPU.ActiveCfg = Debug|Any CPU
		{72B57F6F-5802-4BF7-B0E8-281215C54642}.Debug|Any CPU.Build.0 = Debug|Any CPU
		{72B57F6F-5802-4BF7-B0E8-281215C54642}.Release|Any CPU.ActiveCfg = Release|Any CPU
		{72B57F6F-5802-4BF7-B0E8-281215C54642}.Release|Any CPU.Build.0 = Release|Any CPU
		{D4C9B587-C027-45D6-95B3-DA2B2620D3DF}.Debug|Any CPU.ActiveCfg = Debug|Any CPU
		{D4C9B587-C027-45D6-95B3-DA2B2620D3DF}.Debug|Any CPU.Build.0 = Debug|Any CPU
		{D4C9B587-C027-45D6-95B3-DA2B2620D3DF}.Release|Any CPU.ActiveCfg = Release|Any CPU
		{D4C9B587-C027-45D6-95B3-DA2B2620D3DF}.Release|Any CPU.Build.0 = Release|Any CPU
		{28504C76-9DF8-4BD1-BCBA-A21106CD831E}.Debug|Any CPU.ActiveCfg = Debug|Any CPU
		{28504C76-9DF8-4BD1-BCBA-A21106CD831E}.Debug|Any CPU.Build.0 = Debug|Any CPU
		{28504C76-9DF8-4BD1-BCBA-A21106CD831E}.Release|Any CPU.ActiveCfg = Release|Any CPU
		{28504C76-9DF8-4BD1-BCBA-A21106CD831E}.Release|Any CPU.Build.0 = Release|Any CPU
		{EC113171-05B6-498C-9C0F-32FF02871E0F}.Debug|Any CPU.ActiveCfg = Debug|Any CPU
		{EC113171-05B6-498C-9C0F-32FF02871E0F}.Debug|Any CPU.Build.0 = Debug|Any CPU
		{EC113171-05B6-498C-9C0F-32FF02871E0F}.Release|Any CPU.ActiveCfg = Release|Any CPU
		{EC113171-05B6-498C-9C0F-32FF02871E0F}.Release|Any CPU.Build.0 = Release|Any CPU
		{0069DF5F-6DB3-43CB-84C8-BE51BCF8BFE7}.Debug|Any CPU.ActiveCfg = Debug|Any CPU
		{0069DF5F-6DB3-43CB-84C8-BE51BCF8BFE7}.Debug|Any CPU.Build.0 = Debug|Any CPU
		{0069DF5F-6DB3-43CB-84C8-BE51BCF8BFE7}.Release|Any CPU.ActiveCfg = Release|Any CPU
		{0069DF5F-6DB3-43CB-84C8-BE51BCF8BFE7}.Release|Any CPU.Build.0 = Release|Any CPU
		{3EA18A08-9DA1-4865-8863-DEE9645A1DE1}.Debug|Any CPU.ActiveCfg = Debug|Any CPU
		{3EA18A08-9DA1-4865-8863-DEE9645A1DE1}.Debug|Any CPU.Build.0 = Debug|Any CPU
		{3EA18A08-9DA1-4865-8863-DEE9645A1DE1}.Release|Any CPU.ActiveCfg = Release|Any CPU
		{3EA18A08-9DA1-4865-8863-DEE9645A1DE1}.Release|Any CPU.Build.0 = Release|Any CPU
		{99C53AB9-6B92-48A9-BFDE-DDAAC60D2409}.Debug|Any CPU.ActiveCfg = Debug|Any CPU
		{99C53AB9-6B92-48A9-BFDE-DDAAC60D2409}.Debug|Any CPU.Build.0 = Debug|Any CPU
		{99C53AB9-6B92-48A9-BFDE-DDAAC60D2409}.Release|Any CPU.ActiveCfg = Release|Any CPU
		{99C53AB9-6B92-48A9-BFDE-DDAAC60D2409}.Release|Any CPU.Build.0 = Release|Any CPU
		{B752675E-3EFC-4BF7-8715-198A23D4C331}.Debug|Any CPU.ActiveCfg = Debug|Any CPU
		{B752675E-3EFC-4BF7-8715-198A23D4C331}.Debug|Any CPU.Build.0 = Debug|Any CPU
		{B752675E-3EFC-4BF7-8715-198A23D4C331}.Release|Any CPU.ActiveCfg = Release|Any CPU
		{B752675E-3EFC-4BF7-8715-198A23D4C331}.Release|Any CPU.Build.0 = Release|Any CPU
		{E648AAF1-FFAC-41D3-814D-AF1970767A97}.Debug|Any CPU.ActiveCfg = Debug|Any CPU
		{E648AAF1-FFAC-41D3-814D-AF1970767A97}.Debug|Any CPU.Build.0 = Debug|Any CPU
		{E648AAF1-FFAC-41D3-814D-AF1970767A97}.Release|Any CPU.ActiveCfg = Release|Any CPU
		{E648AAF1-FFAC-41D3-814D-AF1970767A97}.Release|Any CPU.Build.0 = Release|Any CPU
		{53369E10-E38E-44AA-AEBF-7A118E43308D}.Debug|Any CPU.ActiveCfg = Debug|Any CPU
		{53369E10-E38E-44AA-AEBF-7A118E43308D}.Debug|Any CPU.Build.0 = Debug|Any CPU
		{53369E10-E38E-44AA-AEBF-7A118E43308D}.Release|Any CPU.ActiveCfg = Release|Any CPU
		{53369E10-E38E-44AA-AEBF-7A118E43308D}.Release|Any CPU.Build.0 = Release|Any CPU
		{081444FE-54D3-4DFC-84F8-0514D9C5AE0B}.Debug|Any CPU.ActiveCfg = Debug|Any CPU
		{081444FE-54D3-4DFC-84F8-0514D9C5AE0B}.Debug|Any CPU.Build.0 = Debug|Any CPU
		{081444FE-54D3-4DFC-84F8-0514D9C5AE0B}.Release|Any CPU.ActiveCfg = Release|Any CPU
		{081444FE-54D3-4DFC-84F8-0514D9C5AE0B}.Release|Any CPU.Build.0 = Release|Any CPU
		{65D06BE9-76BF-42B3-A1B9-7B68CCE1D316}.Debug|Any CPU.ActiveCfg = Debug|Any CPU
		{65D06BE9-76BF-42B3-A1B9-7B68CCE1D316}.Debug|Any CPU.Build.0 = Debug|Any CPU
		{65D06BE9-76BF-42B3-A1B9-7B68CCE1D316}.Release|Any CPU.ActiveCfg = Release|Any CPU
		{65D06BE9-76BF-42B3-A1B9-7B68CCE1D316}.Release|Any CPU.Build.0 = Release|Any CPU
	EndGlobalSection
	GlobalSection(SolutionProperties) = preSolution
		HideSolutionNode = FALSE
	EndGlobalSection
	GlobalSection(NestedProjects) = preSolution
		{ED72D509-DCC8-464B-9E1C-1FBA38C366F7} = {DCD3CE28-D4BD-456D-95EA-E5B865774F17}
		{72B57F6F-5802-4BF7-B0E8-281215C54642} = {DCD3CE28-D4BD-456D-95EA-E5B865774F17}
		{D4C9B587-C027-45D6-95B3-DA2B2620D3DF} = {DCD3CE28-D4BD-456D-95EA-E5B865774F17}
		{28504C76-9DF8-4BD1-BCBA-A21106CD831E} = {DCD3CE28-D4BD-456D-95EA-E5B865774F17}
		{EC113171-05B6-498C-9C0F-32FF02871E0F} = {DCD3CE28-D4BD-456D-95EA-E5B865774F17}
		{0069DF5F-6DB3-43CB-84C8-BE51BCF8BFE7} = {DCD3CE28-D4BD-456D-95EA-E5B865774F17}
		{3EA18A08-9DA1-4865-8863-DEE9645A1DE1} = {DCD3CE28-D4BD-456D-95EA-E5B865774F17}
		{99C53AB9-6B92-48A9-BFDE-DDAAC60D2409} = {DCD3CE28-D4BD-456D-95EA-E5B865774F17}
		{B752675E-3EFC-4BF7-8715-198A23D4C331} = {DCD3CE28-D4BD-456D-95EA-E5B865774F17}
		{E648AAF1-FFAC-41D3-814D-AF1970767A97} = {DCD3CE28-D4BD-456D-95EA-E5B865774F17}
		{53369E10-E38E-44AA-AEBF-7A118E43308D} = {DCD3CE28-D4BD-456D-95EA-E5B865774F17}
		{081444FE-54D3-4DFC-84F8-0514D9C5AE0B} = {DCD3CE28-D4BD-456D-95EA-E5B865774F17}
		{65D06BE9-76BF-42B3-A1B9-7B68CCE1D316} = {DCD3CE28-D4BD-456D-95EA-E5B865774F17}
	EndGlobalSection
	GlobalSection(ExtensibilityGlobals) = postSolution
		SolutionGuid = {CE624337-5F54-4483-A4A9-7F3F020CC811}
	EndGlobalSection
EndGlobal
