
Microsoft Visual Studio Solution File, Format Version 12.00
# Visual Studio 2013
VisualStudioVersion = 12.0.31101.0
MinimumVisualStudioVersion = 10.0.40219.1
Project("{2150E333-8FDC-42A3-9474-1A3956D46DE8}") = "doc", "doc", "{566353D3-BF64-401E-B76B-196E04F728C7}"
	ProjectSection(SolutionItems) = preProject
		..\readme.md = ..\readme.md
		..\doc\todolist.md = ..\doc\todolist.md
	EndProjectSection
EndProject
Project("{2150E333-8FDC-42A3-9474-1A3956D46DE8}") = "setup", "setup", "{90E4288C-0B6B-4378-8073-83C1D33B09BF}"
EndProject
Project("{2150E333-8FDC-42A3-9474-1A3956D46DE8}") = "src", "src", "{DCD3CE28-D4BD-456D-95EA-E5B865774F17}"
EndProject
Project("{FAE04EC0-301F-11D3-BF4B-00C04F79EFBC}") = "NbMd2Html", "NbMd2Html\NbMd2Html.csproj", "{ED72D509-DCC8-464B-9E1C-1FBA38C366F7}"
EndProject
Project("{FAE04EC0-301F-11D3-BF4B-00C04F79EFBC}") = "NbExePackage", "NbExePackage\NbExePackage.csproj", "{72B57F6F-5802-4BF7-B0E8-281215C54642}"
EndProject
Project("{FAE04EC0-301F-11D3-BF4B-00C04F79EFBC}") = "NbGitTemplate", "NbGitTemplate\NbGitTemplate.csproj", "{D4C9B587-C027-45D6-95B3-DA2B2620D3DF}"
EndProject
Global
	GlobalSection(SolutionConfigurationPlatforms) = preSolution
		Debug|Any CPU = Debug|Any CPU
		Release|Any CPU = Release|Any CPU
	EndGlobalSection
	GlobalSection(ProjectConfigurationPlatforms) = postSolution
		{ED72D509-DCC8-464B-9E1C-1FBA38C366F7}.Debug|Any CPU.ActiveCfg = Debug|Any CPU
		{ED72D509-DCC8-464B-9E1C-1FBA38C366F7}.Debug|Any CPU.Build.0 = Debug|Any CPU
		{ED72D509-DCC8-464B-9E1C-1FBA38C366F7}.Release|Any CPU.ActiveCfg = Release|Any CPU
		{ED72D509-DCC8-464B-9E1C-1FBA38C366F7}.Release|Any CPU.Build.0 = Release|Any CPU
		{72B57F6F-5802-4BF7-B0E8-281215C54642}.Debug|Any CPU.ActiveCfg = Debug|Any CPU
		{72B57F6F-5802-4BF7-B0E8-281215C54642}.Debug|Any CPU.Build.0 = Debug|Any CPU
		{72B57F6F-5802-4BF7-B0E8-281215C54642}.Release|Any CPU.ActiveCfg = Release|Any CPU
		{72B57F6F-5802-4BF7-B0E8-281215C54642}.Release|Any CPU.Build.0 = Release|Any CPU
		{D4C9B587-C027-45D6-95B3-DA2B2620D3DF}.Debug|Any CPU.ActiveCfg = Debug|Any CPU
		{D4C9B587-C027-45D6-95B3-DA2B2620D3DF}.Debug|Any CPU.Build.0 = Debug|Any CPU
		{D4C9B587-C027-45D6-95B3-DA2B2620D3DF}.Release|Any CPU.ActiveCfg = Release|Any CPU
		{D4C9B587-C027-45D6-95B3-DA2B2620D3DF}.Release|Any CPU.Build.0 = Release|Any CPU
	EndGlobalSection
	GlobalSection(SolutionProperties) = preSolution
		HideSolutionNode = FALSE
	EndGlobalSection
	GlobalSection(NestedProjects) = preSolution
		{ED72D509-DCC8-464B-9E1C-1FBA38C366F7} = {DCD3CE28-D4BD-456D-95EA-E5B865774F17}
		{72B57F6F-5802-4BF7-B0E8-281215C54642} = {DCD3CE28-D4BD-456D-95EA-E5B865774F17}
		{D4C9B587-C027-45D6-95B3-DA2B2620D3DF} = {DCD3CE28-D4BD-456D-95EA-E5B865774F17}
	EndGlobalSection
EndGlobal
